{
  "name": "tanda",
  "version": "1.0.0",
  "lockfileVersion": 1,
  "requires": true,
  "dependencies": {
    "animate.css": {
      "version": "3.7.2",
      "resolved": "https://registry.npmjs.org/animate.css/-/animate.css-3.7.2.tgz",
      "integrity": "sha512-0bE8zYo7C0KvgOYrSVfrzkbYk6IOTVPNqkiHg2cbyF4Pq/PXzilz4BRWA3hwEUBoMp5VBgrC29lQIZyhRWdBTw=="
    },
    "bootstrap": {
      "version": "4.3.1",
      "resolved": "https://registry.npmjs.org/bootstrap/-/bootstrap-4.3.1.tgz",
      "integrity": "sha512-rXqOmH1VilAt2DyPzluTi2blhk17bO7ef+zLLPlWvG494pDxcM234pJ8wTc/6R40UWizAIIMgxjvxZg5kmsbag=="
    },
    "font-awesome": {
      "version": "4.7.0",
      "resolved": "https://registry.npmjs.org/font-awesome/-/font-awesome-4.7.0.tgz",
      "integrity": "sha1-j6jPBBGhoxr9B7BtKQK7n8gVoTM="
    },
    "jquery": {
      "version": "3.4.1",
      "resolved": "https://registry.npmjs.org/jquery/-/jquery-3.4.1.tgz",
      "integrity": "sha512-36+AdBzCL+y6qjw5Tx7HgzeGCzC81MDDgaUP8ld2zhx58HdqXGoBd+tHdrBMiyjGQs0Hxs/MLZTu/eHNJJuWPw=="
    },
    "jquery-migrate": {
      "version": "3.1.0",
      "resolved": "https://registry.npmjs.org/jquery-migrate/-/jquery-migrate-3.1.0.tgz",
      "integrity": "sha512-u/MtE1ST2pCr3rCyouJG2xMiw/k3OzLNeRKprjKTeHUezCGr0DyEgeXFdqFLmQfxfR5EsVu+mGo/sCcYdiYcIQ=="
    },
    "jquery.counterup": {
      "version": "2.1.0",
      "resolved": "https://registry.npmjs.org/jquery.counterup/-/jquery.counterup-2.1.0.tgz",
      "integrity": "sha1-lmZdAUYDItbSMg+p3eMBPMfRL2A=",
      "requires": {
        "jquery": "3.4.1",
        "waypoints": "4.0.1"
      }
    },
    "jquery.easing": {
      "version": "1.4.1",
      "resolved": "https://registry.npmjs.org/jquery.easing/-/jquery.easing-1.4.1.tgz",
      "integrity": "sha1-R5gsWDa9dY/UhJSSPEoQHvbpPjs="
    },
    "owl.carousel": {
      "version": "2.3.4",
      "resolved": "https://registry.npmjs.org/owl.carousel/-/owl.carousel-2.3.4.tgz",
      "integrity": "sha512-JaDss9+feAvEW8KZppPSpllfposEzQiW+Ytt/Xm5t/3CTJ7YVmkh6RkWixoA2yXk2boIwedYxOvrrppIGzru9A==",
      "requires": {
        "jquery": "3.4.1"
      }
    },
    "superfish": {
      "version": "1.7.10",
      "resolved": "https://registry.npmjs.org/superfish/-/superfish-1.7.10.tgz",
      "integrity": "sha512-4O2ySFEtu9AEmYy4gkRl2ifHPwzR1RSQBTpFedpR2nv8qxhx3lEdotHvxKGApHdjmffJuB/Oj5wflHJh1bnMIw==",
      "requires": {
        "jquery": "3.4.1"
      }
    },
    "waypoints": {
      "version": "4.0.1",
      "resolved": "https://registry.npmjs.org/waypoints/-/waypoints-4.0.1.tgz",
      "integrity": "sha1-CZeaBXOBCylifLpDZqKEoGLsacg="
    },
    "wow.js": {
      "version": "1.2.2",
      "resolved": "https://registry.npmjs.org/wow.js/-/wow.js-1.2.2.tgz",
      "integrity": "sha1-JHUZsKNCMZsaY+Iq6prOwanqV/U="
    }
  }
}
